
Microsoft Visual Studio Solution File, Format Version 12.00
# Visual Studio Version 17
VisualStudioVersion = 17.10.35013.160
MinimumVisualStudioVersion = 10.0.40219.1
Project("{FAE04EC0-301F-11D3-BF4B-00C04F79EFBC}") = "Configure", "osuSessionLauncher\Configure.csproj", "{19FE323F-5B6A-492C-AA85-F86B207D6720}"
EndProject
Global
	GlobalSection(SolutionConfigurationPlatforms) = preSolution
		Debug|Any CPU = Debug|Any CPU
		Release|Any CPU = Release|Any CPU
	EndGlobalSection
	GlobalSection(ProjectConfigurationPlatforms) = postSolution
		{19FE323F-5B6A-492C-AA85-F86B207D6720}.Debug|Any CPU.ActiveCfg = Debug|Any CPU
		{19FE323F-5B6A-492C-AA85-F86B207D6720}.Debug|Any CPU.Build.0 = Debug|Any CPU
		{19FE323F-5B6A-492C-AA85-F86B207D6720}.Release|Any CPU.ActiveCfg = Release|Any CPU
		{19FE323F-5B6A-492C-AA85-F86B207D6720}.Release|Any CPU.Build.0 = Release|Any CPU
	EndGlobalSection
	GlobalSection(SolutionProperties) = preSolution
		HideSolutionNode = FALSE
	EndGlobalSection
	GlobalSection(ExtensibilityGlobals) = postSolution
		SolutionGuid = {14FC4B8A-D806-4A7D-B685-78611D68D87C}
	EndGlobalSection
EndGlobal
